// !$*UTF8*$!
{
	archiveVersion = 1;
	classes = {
	};
	objectVersion = 56;
	objects = {

/* Begin PBXBuildFile section */
		9B7809C72A18768F00A63B66 /* ItemLabelView.swift in Sources */ = {isa = PBXBuildFile; fileRef = 9B7809C62A18768F00A63B66 /* ItemLabelView.swift */; };
		9B7809C92A187B4B00A63B66 /* ReviewScreen.swift in Sources */ = {isa = PBXBuildFile; fileRef = 9B7809C82A187B4B00A63B66 /* ReviewScreen.swift */; };
		9B7809CB2A19947500A63B66 /* ApiRequest.swift in Sources */ = {isa = PBXBuildFile; fileRef = 9B7809CA2A19947500A63B66 /* ApiRequest.swift */; };
		9B7809CD2A1996D900A63B66 /* ReviewScreenController.swift in Sources */ = {isa = PBXBuildFile; fileRef = 9B7809CC2A1996D900A63B66 /* ReviewScreenController.swift */; };
		9B7809CF2A19A19E00A63B66 /* WeekNumberScreen.swift in Sources */ = {isa = PBXBuildFile; fileRef = 9B7809CE2A19A19E00A63B66 /* WeekNumberScreen.swift */; };
		9B7809D12A1A0DF000A63B66 /* QuizScreen.swift in Sources */ = {isa = PBXBuildFile; fileRef = 9B7809D02A1A0DF000A63B66 /* QuizScreen.swift */; };
		9B7809D32A1A10CD00A63B66 /* StudyContentView.swift in Sources */ = {isa = PBXBuildFile; fileRef = 9B7809D22A1A10CD00A63B66 /* StudyContentView.swift */; };
		9B7809D52A1A2F2A00A63B66 /* StudyContentViewController.swift in Sources */ = {isa = PBXBuildFile; fileRef = 9B7809D42A1A2F2A00A63B66 /* StudyContentViewController.swift */; };
		9BAF26082A13667500E50FB7 /* StarView.swift in Sources */ = {isa = PBXBuildFile; fileRef = 9BAF26072A13667500E50FB7 /* StarView.swift */; };
		9BFE03982A10AA2B00E105D5 /* GongBokApp.swift in Sources */ = {isa = PBXBuildFile; fileRef = 9BFE03972A10AA2B00E105D5 /* GongBokApp.swift */; };
		9BFE039C2A10AA2D00E105D5 /* Assets.xcassets in Resources */ = {isa = PBXBuildFile; fileRef = 9BFE039B2A10AA2D00E105D5 /* Assets.xcassets */; };
		9BFE039F2A10AA2D00E105D5 /* Preview Assets.xcassets in Resources */ = {isa = PBXBuildFile; fileRef = 9BFE039E2A10AA2D00E105D5 /* Preview Assets.xcassets */; };
		9BFE03B82A10AB2D00E105D5 /* FileController.swift in Sources */ = {isa = PBXBuildFile; fileRef = 9BFE03AC2A10AB2D00E105D5 /* FileController.swift */; };
		9BFE03B92A10AB2D00E105D5 /* KakaoSocialLogin.swift in Sources */ = {isa = PBXBuildFile; fileRef = 9BFE03AD2A10AB2D00E105D5 /* KakaoSocialLogin.swift */; };
		9BFE03BA2A10AB2D00E105D5 /* LoginScreenViewModel.swift in Sources */ = {isa = PBXBuildFile; fileRef = 9BFE03AF2A10AB2D00E105D5 /* LoginScreenViewModel.swift */; };
		9BFE03BC2A10AB2D00E105D5 /* AuthenticationObject.swift in Sources */ = {isa = PBXBuildFile; fileRef = 9BFE03B12A10AB2D00E105D5 /* AuthenticationObject.swift */; };
		9BFE03BD2A10AB2D00E105D5 /* MainScene.swift in Sources */ = {isa = PBXBuildFile; fileRef = 9BFE03B32A10AB2D00E105D5 /* MainScene.swift */; };
		9BFE03BE2A10AB2D00E105D5 /* UserInformationView.swift in Sources */ = {isa = PBXBuildFile; fileRef = 9BFE03B52A10AB2D00E105D5 /* UserInformationView.swift */; };
		9BFE03BF2A10AB2D00E105D5 /* FirstCheckingScreen.swift in Sources */ = {isa = PBXBuildFile; fileRef = 9BFE03B62A10AB2D00E105D5 /* FirstCheckingScreen.swift */; };
		9BFE03C02A10AB2D00E105D5 /* LoginScreen.swift in Sources */ = {isa = PBXBuildFile; fileRef = 9BFE03B72A10AB2D00E105D5 /* LoginScreen.swift */; };
		9BFE03C32A10ABCA00E105D5 /* KakaoSDK in Frameworks */ = {isa = PBXBuildFile; productRef = 9BFE03C22A10ABCA00E105D5 /* KakaoSDK */; };
		9BFE03CD2A10ADEF00E105D5 /* BundleExtension.swift in Sources */ = {isa = PBXBuildFile; fileRef = 9BFE03CC2A10ADEF00E105D5 /* BundleExtension.swift */; };
		9BFE03CF2A10B3B700E105D5 /* MainSceneController.swift in Sources */ = {isa = PBXBuildFile; fileRef = 9BFE03CE2A10B3B700E105D5 /* MainSceneController.swift */; };
		9BFE03D22A10B47D00E105D5 /* NavigationController.swift in Sources */ = {isa = PBXBuildFile; fileRef = 9BFE03D12A10B47D00E105D5 /* NavigationController.swift */; };
		9BFE03D52A10B64E00E105D5 /* Color.swift in Sources */ = {isa = PBXBuildFile; fileRef = 9BFE03D42A10B64E00E105D5 /* Color.swift */; };
		9BFE03D92A10B7BF00E105D5 /* TabScreen.swift in Sources */ = {isa = PBXBuildFile; fileRef = 9BFE03D82A10B7BF00E105D5 /* TabScreen.swift */; };
		9BFE03DB2A10C26C00E105D5 /* HomeScreen.swift in Sources */ = {isa = PBXBuildFile; fileRef = 9BFE03DA2A10C26C00E105D5 /* HomeScreen.swift */; };
		9BFE03DE2A10C59C00E105D5 /* HomeScreenController.swift in Sources */ = {isa = PBXBuildFile; fileRef = 9BFE03DD2A10C59C00E105D5 /* HomeScreenController.swift */; };
		9BFE03EB2A110B8D00E105D5 /* Secrets.plist in Resources */ = {isa = PBXBuildFile; fileRef = 9BFE03EA2A110B8D00E105D5 /* Secrets.plist */; };
/* End PBXBuildFile section */

/* Begin PBXFileReference section */
		9B7809C62A18768F00A63B66 /* ItemLabelView.swift */ = {isa = PBXFileReference; lastKnownFileType = sourcecode.swift; path = ItemLabelView.swift; sourceTree = "<group>"; };
		9B7809C82A187B4B00A63B66 /* ReviewScreen.swift */ = {isa = PBXFileReference; lastKnownFileType = sourcecode.swift; path = ReviewScreen.swift; sourceTree = "<group>"; };
		9B7809CA2A19947500A63B66 /* ApiRequest.swift */ = {isa = PBXFileReference; lastKnownFileType = sourcecode.swift; path = ApiRequest.swift; sourceTree = "<group>"; };
		9B7809CC2A1996D900A63B66 /* ReviewScreenController.swift */ = {isa = PBXFileReference; lastKnownFileType = sourcecode.swift; path = ReviewScreenController.swift; sourceTree = "<group>"; };
		9B7809CE2A19A19E00A63B66 /* WeekNumberScreen.swift */ = {isa = PBXFileReference; lastKnownFileType = sourcecode.swift; path = WeekNumberScreen.swift; sourceTree = "<group>"; };
		9B7809D02A1A0DF000A63B66 /* QuizScreen.swift */ = {isa = PBXFileReference; lastKnownFileType = sourcecode.swift; path = QuizScreen.swift; sourceTree = "<group>"; };
		9B7809D22A1A10CD00A63B66 /* StudyContentView.swift */ = {isa = PBXFileReference; lastKnownFileType = sourcecode.swift; path = StudyContentView.swift; sourceTree = "<group>"; };
		9B7809D42A1A2F2A00A63B66 /* StudyContentViewController.swift */ = {isa = PBXFileReference; lastKnownFileType = sourcecode.swift; path = StudyContentViewController.swift; sourceTree = "<group>"; };
		9BAF26072A13667500E50FB7 /* StarView.swift */ = {isa = PBXFileReference; lastKnownFileType = sourcecode.swift; path = StarView.swift; sourceTree = "<group>"; };
		9BFE03942A10AA2B00E105D5 /* GongBok.app */ = {isa = PBXFileReference; explicitFileType = wrapper.application; includeInIndex = 0; path = GongBok.app; sourceTree = BUILT_PRODUCTS_DIR; };
		9BFE03972A10AA2B00E105D5 /* GongBokApp.swift */ = {isa = PBXFileReference; lastKnownFileType = sourcecode.swift; path = GongBokApp.swift; sourceTree = "<group>"; };
		9BFE039B2A10AA2D00E105D5 /* Assets.xcassets */ = {isa = PBXFileReference; lastKnownFileType = folder.assetcatalog; path = Assets.xcassets; sourceTree = "<group>"; };
		9BFE039E2A10AA2D00E105D5 /* Preview Assets.xcassets */ = {isa = PBXFileReference; lastKnownFileType = folder.assetcatalog; path = "Preview Assets.xcassets"; sourceTree = "<group>"; };
		9BFE03AC2A10AB2D00E105D5 /* FileController.swift */ = {isa = PBXFileReference; fileEncoding = 4; lastKnownFileType = sourcecode.swift; path = FileController.swift; sourceTree = "<group>"; };
		9BFE03AD2A10AB2D00E105D5 /* KakaoSocialLogin.swift */ = {isa = PBXFileReference; fileEncoding = 4; lastKnownFileType = sourcecode.swift; path = KakaoSocialLogin.swift; sourceTree = "<group>"; };
		9BFE03AF2A10AB2D00E105D5 /* LoginScreenViewModel.swift */ = {isa = PBXFileReference; fileEncoding = 4; lastKnownFileType = sourcecode.swift; path = LoginScreenViewModel.swift; sourceTree = "<group>"; };
		9BFE03B12A10AB2D00E105D5 /* AuthenticationObject.swift */ = {isa = PBXFileReference; fileEncoding = 4; lastKnownFileType = sourcecode.swift; path = AuthenticationObject.swift; sourceTree = "<group>"; };
		9BFE03B32A10AB2D00E105D5 /* MainScene.swift */ = {isa = PBXFileReference; fileEncoding = 4; lastKnownFileType = sourcecode.swift; path = MainScene.swift; sourceTree = "<group>"; };
		9BFE03B52A10AB2D00E105D5 /* UserInformationView.swift */ = {isa = PBXFileReference; fileEncoding = 4; lastKnownFileType = sourcecode.swift; path = UserInformationView.swift; sourceTree = "<group>"; };
		9BFE03B62A10AB2D00E105D5 /* FirstCheckingScreen.swift */ = {isa = PBXFileReference; fileEncoding = 4; lastKnownFileType = sourcecode.swift; path = FirstCheckingScreen.swift; sourceTree = "<group>"; };
		9BFE03B72A10AB2D00E105D5 /* LoginScreen.swift */ = {isa = PBXFileReference; fileEncoding = 4; lastKnownFileType = sourcecode.swift; path = LoginScreen.swift; sourceTree = "<group>"; };
		9BFE03C92A10AD2900E105D5 /* Info.plist */ = {isa = PBXFileReference; lastKnownFileType = text.plist; path = Info.plist; sourceTree = "<group>"; };
		9BFE03CC2A10ADEF00E105D5 /* BundleExtension.swift */ = {isa = PBXFileReference; lastKnownFileType = sourcecode.swift; path = BundleExtension.swift; sourceTree = "<group>"; };
		9BFE03CE2A10B3B700E105D5 /* MainSceneController.swift */ = {isa = PBXFileReference; lastKnownFileType = sourcecode.swift; path = MainSceneController.swift; sourceTree = "<group>"; };
		9BFE03D12A10B47D00E105D5 /* NavigationController.swift */ = {isa = PBXFileReference; lastKnownFileType = sourcecode.swift; path = NavigationController.swift; sourceTree = "<group>"; };
		9BFE03D42A10B64E00E105D5 /* Color.swift */ = {isa = PBXFileReference; lastKnownFileType = sourcecode.swift; path = Color.swift; sourceTree = "<group>"; };
		9BFE03D82A10B7BF00E105D5 /* TabScreen.swift */ = {isa = PBXFileReference; lastKnownFileType = sourcecode.swift; path = TabScreen.swift; sourceTree = "<group>"; };
		9BFE03DA2A10C26C00E105D5 /* HomeScreen.swift */ = {isa = PBXFileReference; lastKnownFileType = sourcecode.swift; path = HomeScreen.swift; sourceTree = "<group>"; };
		9BFE03DD2A10C59C00E105D5 /* HomeScreenController.swift */ = {isa = PBXFileReference; lastKnownFileType = sourcecode.swift; path = HomeScreenController.swift; sourceTree = "<group>"; };
		9BFE03EA2A110B8D00E105D5 /* Secrets.plist */ = {isa = PBXFileReference; lastKnownFileType = text.plist.xml; name = Secrets.plist; path = "../../../../.Trash/GongBok 오후 9.23.29/GongBok/Secrets.plist"; sourceTree = "<group>"; };
/* End PBXFileReference section */

/* Begin PBXFrameworksBuildPhase section */
		9BFE03912A10AA2B00E105D5 /* Frameworks */ = {
			isa = PBXFrameworksBuildPhase;
			buildActionMask = 2147483647;
			files = (
				9BFE03C32A10ABCA00E105D5 /* KakaoSDK in Frameworks */,
			);
			runOnlyForDeploymentPostprocessing = 0;
		};
/* End PBXFrameworksBuildPhase section */

/* Begin PBXGroup section */
		9B7809C42A18745400A63B66 /* HomeScreen */ = {
			isa = PBXGroup;
			children = (
				9BFE03DA2A10C26C00E105D5 /* HomeScreen.swift */,
				9BAF26072A13667500E50FB7 /* StarView.swift */,
			);
			path = HomeScreen;
			sourceTree = "<group>";
		};
		9B7809C52A18758E00A63B66 /* ReviewPage */ = {
			isa = PBXGroup;
			children = (
				9B7809C82A187B4B00A63B66 /* ReviewScreen.swift */,
				9B7809CE2A19A19E00A63B66 /* WeekNumberScreen.swift */,
				9B7809D02A1A0DF000A63B66 /* QuizScreen.swift */,
				9B7809D22A1A10CD00A63B66 /* StudyContentView.swift */,
				9B7809C62A18768F00A63B66 /* ItemLabelView.swift */,
			);
			path = ReviewPage;
			sourceTree = "<group>";
		};
		9BFE038B2A10AA2B00E105D5 = {
			isa = PBXGroup;
			children = (
				9BFE03962A10AA2B00E105D5 /* GongBok */,
				9BFE03952A10AA2B00E105D5 /* Products */,
			);
			sourceTree = "<group>";
		};
		9BFE03952A10AA2B00E105D5 /* Products */ = {
			isa = PBXGroup;
			children = (
				9BFE03942A10AA2B00E105D5 /* GongBok.app */,
			);
			name = Products;
			sourceTree = "<group>";
		};
		9BFE03962A10AA2B00E105D5 /* GongBok */ = {
			isa = PBXGroup;
			children = (
				9BFE03C92A10AD2900E105D5 /* Info.plist */,
				9BFE03EA2A110B8D00E105D5 /* Secrets.plist */,
				9BFE03D32A10B63700E105D5 /* Extension */,
				9BFE03AB2A10AB2D00E105D5 /* Service */,
				9BFE03E92A110B7700E105D5 /* Model */,
				9BFE03AE2A10AB2D00E105D5 /* ViewModel */,
				9BFE03B42A10AB2D00E105D5 /* Screen */,
				9BFE03B22A10AB2D00E105D5 /* Scene */,
				9BFE03972A10AA2B00E105D5 /* GongBokApp.swift */,
				9BFE039B2A10AA2D00E105D5 /* Assets.xcassets */,
				9BFE039D2A10AA2D00E105D5 /* Preview Content */,
			);
			path = GongBok;
			sourceTree = "<group>";
		};
		9BFE039D2A10AA2D00E105D5 /* Preview Content */ = {
			isa = PBXGroup;
			children = (
				9BFE039E2A10AA2D00E105D5 /* Preview Assets.xcassets */,
			);
			path = "Preview Content";
			sourceTree = "<group>";
		};
		9BFE03AB2A10AB2D00E105D5 /* Service */ = {
			isa = PBXGroup;
			children = (
				9BFE03AC2A10AB2D00E105D5 /* FileController.swift */,
				9BFE03AD2A10AB2D00E105D5 /* KakaoSocialLogin.swift */,
				9B7809CA2A19947500A63B66 /* ApiRequest.swift */,
			);
			path = Service;
			sourceTree = "<group>";
		};
		9BFE03AE2A10AB2D00E105D5 /* ViewModel */ = {
			isa = PBXGroup;
			children = (
				9BFE03DC2A10C58100E105D5 /* TabScreen */,
				9BFE03D02A10B46B00E105D5 /* Base */,
				9BFE03AF2A10AB2D00E105D5 /* LoginScreenViewModel.swift */,
				9BFE03B12A10AB2D00E105D5 /* AuthenticationObject.swift */,
				9BFE03CE2A10B3B700E105D5 /* MainSceneController.swift */,
			);
			path = ViewModel;
			sourceTree = "<group>";
		};
		9BFE03B22A10AB2D00E105D5 /* Scene */ = {
			isa = PBXGroup;
			children = (
				9BFE03B32A10AB2D00E105D5 /* MainScene.swift */,
			);
			path = Scene;
			sourceTree = "<group>";
		};
		9BFE03B42A10AB2D00E105D5 /* Screen */ = {
			isa = PBXGroup;
			children = (
				9BFE03D72A10B7AD00E105D5 /* TabScreen */,
				9BFE03D62A10B79D00E105D5 /* LogIn */,
			);
			path = Screen;
			sourceTree = "<group>";
		};
		9BFE03D02A10B46B00E105D5 /* Base */ = {
			isa = PBXGroup;
			children = (
				9BFE03D12A10B47D00E105D5 /* NavigationController.swift */,
			);
			path = Base;
			sourceTree = "<group>";
		};
		9BFE03D32A10B63700E105D5 /* Extension */ = {
			isa = PBXGroup;
			children = (
				9BFE03CC2A10ADEF00E105D5 /* BundleExtension.swift */,
				9BFE03D42A10B64E00E105D5 /* Color.swift */,
			);
			path = Extension;
			sourceTree = "<group>";
		};
		9BFE03D62A10B79D00E105D5 /* LogIn */ = {
			isa = PBXGroup;
			children = (
				9BFE03B52A10AB2D00E105D5 /* UserInformationView.swift */,
				9BFE03B62A10AB2D00E105D5 /* FirstCheckingScreen.swift */,
				9BFE03B72A10AB2D00E105D5 /* LoginScreen.swift */,
			);
			path = LogIn;
			sourceTree = "<group>";
		};
		9BFE03D72A10B7AD00E105D5 /* TabScreen */ = {
			isa = PBXGroup;
			children = (
				9B7809C52A18758E00A63B66 /* ReviewPage */,
				9B7809C42A18745400A63B66 /* HomeScreen */,
				9BFE03D82A10B7BF00E105D5 /* TabScreen.swift */,
			);
			path = TabScreen;
			sourceTree = "<group>";
		};
		9BFE03DC2A10C58100E105D5 /* TabScreen */ = {
			isa = PBXGroup;
			children = (
				9BFE03DD2A10C59C00E105D5 /* HomeScreenController.swift */,
				9B7809CC2A1996D900A63B66 /* ReviewScreenController.swift */,
				9B7809D42A1A2F2A00A63B66 /* StudyContentViewController.swift */,
			);
			path = TabScreen;
			sourceTree = "<group>";
		};
		9BFE03E92A110B7700E105D5 /* Model */ = {
			isa = PBXGroup;
			children = (
			);
			path = Model;
			sourceTree = "<group>";
		};
/* End PBXGroup section */

/* Begin PBXNativeTarget section */
		9BFE03932A10AA2B00E105D5 /* GongBok */ = {
			isa = PBXNativeTarget;
			buildConfigurationList = 9BFE03A22A10AA2D00E105D5 /* Build configuration list for PBXNativeTarget "GongBok" */;
			buildPhases = (
				9BFE03902A10AA2B00E105D5 /* Sources */,
				9BFE03912A10AA2B00E105D5 /* Frameworks */,
				9BFE03922A10AA2B00E105D5 /* Resources */,
			);
			buildRules = (
			);
			dependencies = (
			);
			name = GongBok;
			packageProductDependencies = (
				9BFE03C22A10ABCA00E105D5 /* KakaoSDK */,
			);
			productName = GongBok;
			productReference = 9BFE03942A10AA2B00E105D5 /* GongBok.app */;
			productType = "com.apple.product-type.application";
		};
/* End PBXNativeTarget section */

/* Begin PBXProject section */
		9BFE038C2A10AA2B00E105D5 /* Project object */ = {
			isa = PBXProject;
			attributes = {
				BuildIndependentTargetsInParallel = 1;
				LastSwiftUpdateCheck = 1430;
				LastUpgradeCheck = 1430;
				TargetAttributes = {
					9BFE03932A10AA2B00E105D5 = {
						CreatedOnToolsVersion = 14.3;
					};
				};
			};
			buildConfigurationList = 9BFE038F2A10AA2B00E105D5 /* Build configuration list for PBXProject "GongBok" */;
			compatibilityVersion = "Xcode 14.0";
			developmentRegion = en;
			hasScannedForEncodings = 0;
			knownRegions = (
				en,
				Base,
			);
			mainGroup = 9BFE038B2A10AA2B00E105D5;
			packageReferences = (
				9BFE03C12A10ABCA00E105D5 /* XCRemoteSwiftPackageReference "kakao-ios-sdk" */,
			);
			productRefGroup = 9BFE03952A10AA2B00E105D5 /* Products */;
			projectDirPath = "";
			projectRoot = "";
			targets = (
				9BFE03932A10AA2B00E105D5 /* GongBok */,
			);
		};
/* End PBXProject section */

/* Begin PBXResourcesBuildPhase section */
		9BFE03922A10AA2B00E105D5 /* Resources */ = {
			isa = PBXResourcesBuildPhase;
			buildActionMask = 2147483647;
			files = (
				9BFE039F2A10AA2D00E105D5 /* Preview Assets.xcassets in Resources */,
				9BFE03EB2A110B8D00E105D5 /* Secrets.plist in Resources */,
				9BFE039C2A10AA2D00E105D5 /* Assets.xcassets in Resources */,
			);
			runOnlyForDeploymentPostprocessing = 0;
		};
/* End PBXResourcesBuildPhase section */

/* Begin PBXSourcesBuildPhase section */
		9BFE03902A10AA2B00E105D5 /* Sources */ = {
			isa = PBXSourcesBuildPhase;
			buildActionMask = 2147483647;
			files = (
				9BFE03BF2A10AB2D00E105D5 /* FirstCheckingScreen.swift in Sources */,
				9BAF26082A13667500E50FB7 /* StarView.swift in Sources */,
				9BFE03D92A10B7BF00E105D5 /* TabScreen.swift in Sources */,
				9BFE03B92A10AB2D00E105D5 /* KakaoSocialLogin.swift in Sources */,
				9BFE03BC2A10AB2D00E105D5 /* AuthenticationObject.swift in Sources */,
				9BFE03DE2A10C59C00E105D5 /* HomeScreenController.swift in Sources */,
				9BFE03DB2A10C26C00E105D5 /* HomeScreen.swift in Sources */,
				9BFE03B82A10AB2D00E105D5 /* FileController.swift in Sources */,
				9B7809D32A1A10CD00A63B66 /* StudyContentView.swift in Sources */,
				9BFE03BE2A10AB2D00E105D5 /* UserInformationView.swift in Sources */,
				9BFE03BD2A10AB2D00E105D5 /* MainScene.swift in Sources */,
				9BFE03CF2A10B3B700E105D5 /* MainSceneController.swift in Sources */,
				9BFE03D22A10B47D00E105D5 /* NavigationController.swift in Sources */,
				9BFE03D52A10B64E00E105D5 /* Color.swift in Sources */,
				9B7809D52A1A2F2A00A63B66 /* StudyContentViewController.swift in Sources */,
				9BFE03BA2A10AB2D00E105D5 /* LoginScreenViewModel.swift in Sources */,
				9BFE03C02A10AB2D00E105D5 /* LoginScreen.swift in Sources */,
				9B7809D12A1A0DF000A63B66 /* QuizScreen.swift in Sources */,
				9B7809C72A18768F00A63B66 /* ItemLabelView.swift in Sources */,
				9BFE03982A10AA2B00E105D5 /* GongBokApp.swift in Sources */,
				9B7809CD2A1996D900A63B66 /* ReviewScreenController.swift in Sources */,
				9B7809CF2A19A19E00A63B66 /* WeekNumberScreen.swift in Sources */,
				9BFE03CD2A10ADEF00E105D5 /* BundleExtension.swift in Sources */,
				9B7809CB2A19947500A63B66 /* ApiRequest.swift in Sources */,
				9B7809C92A187B4B00A63B66 /* ReviewScreen.swift in Sources */,
			);
			runOnlyForDeploymentPostprocessing = 0;
		};
/* End PBXSourcesBuildPhase section */

/* Begin XCBuildConfiguration section */
		9BFE03A02A10AA2D00E105D5 /* Debug */ = {
			isa = XCBuildConfiguration;
			buildSettings = {
				ALWAYS_SEARCH_USER_PATHS = NO;
				CLANG_ANALYZER_NONNULL = YES;
				CLANG_ANALYZER_NUMBER_OBJECT_CONVERSION = YES_AGGRESSIVE;
				CLANG_CXX_LANGUAGE_STANDARD = "gnu++20";
				CLANG_ENABLE_MODULES = YES;
				CLANG_ENABLE_OBJC_ARC = YES;
				CLANG_ENABLE_OBJC_WEAK = YES;
				CLANG_WARN_BLOCK_CAPTURE_AUTORELEASING = YES;
				CLANG_WARN_BOOL_CONVERSION = YES;
				CLANG_WARN_COMMA = YES;
				CLANG_WARN_CONSTANT_CONVERSION = YES;
				CLANG_WARN_DEPRECATED_OBJC_IMPLEMENTATIONS = YES;
				CLANG_WARN_DIRECT_OBJC_ISA_USAGE = YES_ERROR;
				CLANG_WARN_DOCUMENTATION_COMMENTS = YES;
				CLANG_WARN_EMPTY_BODY = YES;
				CLANG_WARN_ENUM_CONVERSION = YES;
				CLANG_WARN_INFINITE_RECURSION = YES;
				CLANG_WARN_INT_CONVERSION = YES;
				CLANG_WARN_NON_LITERAL_NULL_CONVERSION = YES;
				CLANG_WARN_OBJC_IMPLICIT_RETAIN_SELF = YES;
				CLANG_WARN_OBJC_LITERAL_CONVERSION = YES;
				CLANG_WARN_OBJC_ROOT_CLASS = YES_ERROR;
				CLANG_WARN_QUOTED_INCLUDE_IN_FRAMEWORK_HEADER = YES;
				CLANG_WARN_RANGE_LOOP_ANALYSIS = YES;
				CLANG_WARN_STRICT_PROTOTYPES = YES;
				CLANG_WARN_SUSPICIOUS_MOVE = YES;
				CLANG_WARN_UNGUARDED_AVAILABILITY = YES_AGGRESSIVE;
				CLANG_WARN_UNREACHABLE_CODE = YES;
				CLANG_WARN__DUPLICATE_METHOD_MATCH = YES;
				COPY_PHASE_STRIP = NO;
				DEBUG_INFORMATION_FORMAT = dwarf;
				ENABLE_STRICT_OBJC_MSGSEND = YES;
				ENABLE_TESTABILITY = YES;
				GCC_C_LANGUAGE_STANDARD = gnu11;
				GCC_DYNAMIC_NO_PIC = NO;
				GCC_NO_COMMON_BLOCKS = YES;
				GCC_OPTIMIZATION_LEVEL = 0;
				GCC_PREPROCESSOR_DEFINITIONS = (
					"DEBUG=1",
					"$(inherited)",
				);
				GCC_WARN_64_TO_32_BIT_CONVERSION = YES;
				GCC_WARN_ABOUT_RETURN_TYPE = YES_ERROR;
				GCC_WARN_UNDECLARED_SELECTOR = YES;
				GCC_WARN_UNINITIALIZED_AUTOS = YES_AGGRESSIVE;
				GCC_WARN_UNUSED_FUNCTION = YES;
				GCC_WARN_UNUSED_VARIABLE = YES;
				IPHONEOS_DEPLOYMENT_TARGET = 16.4;
				MTL_ENABLE_DEBUG_INFO = INCLUDE_SOURCE;
				MTL_FAST_MATH = YES;
				ONLY_ACTIVE_ARCH = YES;
				SDKROOT = iphoneos;
				SWIFT_ACTIVE_COMPILATION_CONDITIONS = DEBUG;
				SWIFT_OPTIMIZATION_LEVEL = "-Onone";
			};
			name = Debug;
		};
		9BFE03A12A10AA2D00E105D5 /* Release */ = {
			isa = XCBuildConfiguration;
			buildSettings = {
				ALWAYS_SEARCH_USER_PATHS = NO;
				CLANG_ANALYZER_NONNULL = YES;
				CLANG_ANALYZER_NUMBER_OBJECT_CONVERSION = YES_AGGRESSIVE;
				CLANG_CXX_LANGUAGE_STANDARD = "gnu++20";
				CLANG_ENABLE_MODULES = YES;
				CLANG_ENABLE_OBJC_ARC = YES;
				CLANG_ENABLE_OBJC_WEAK = YES;
				CLANG_WARN_BLOCK_CAPTURE_AUTORELEASING = YES;
				CLANG_WARN_BOOL_CONVERSION = YES;
				CLANG_WARN_COMMA = YES;
				CLANG_WARN_CONSTANT_CONVERSION = YES;
				CLANG_WARN_DEPRECATED_OBJC_IMPLEMENTATIONS = YES;
				CLANG_WARN_DIRECT_OBJC_ISA_USAGE = YES_ERROR;
				CLANG_WARN_DOCUMENTATION_COMMENTS = YES;
				CLANG_WARN_EMPTY_BODY = YES;
				CLANG_WARN_ENUM_CONVERSION = YES;
				CLANG_WARN_INFINITE_RECURSION = YES;
				CLANG_WARN_INT_CONVERSION = YES;
				CLANG_WARN_NON_LITERAL_NULL_CONVERSION = YES;
				CLANG_WARN_OBJC_IMPLICIT_RETAIN_SELF = YES;
				CLANG_WARN_OBJC_LITERAL_CONVERSION = YES;
				CLANG_WARN_OBJC_ROOT_CLASS = YES_ERROR;
				CLANG_WARN_QUOTED_INCLUDE_IN_FRAMEWORK_HEADER = YES;
				CLANG_WARN_RANGE_LOOP_ANALYSIS = YES;
				CLANG_WARN_STRICT_PROTOTYPES = YES;
				CLANG_WARN_SUSPICIOUS_MOVE = YES;
				CLANG_WARN_UNGUARDED_AVAILABILITY = YES_AGGRESSIVE;
				CLANG_WARN_UNREACHABLE_CODE = YES;
				CLANG_WARN__DUPLICATE_METHOD_MATCH = YES;
				COPY_PHASE_STRIP = NO;
				DEBUG_INFORMATION_FORMAT = "dwarf-with-dsym";
				ENABLE_NS_ASSERTIONS = NO;
				ENABLE_STRICT_OBJC_MSGSEND = YES;
				GCC_C_LANGUAGE_STANDARD = gnu11;
				GCC_NO_COMMON_BLOCKS = YES;
				GCC_WARN_64_TO_32_BIT_CONVERSION = YES;
				GCC_WARN_ABOUT_RETURN_TYPE = YES_ERROR;
				GCC_WARN_UNDECLARED_SELECTOR = YES;
				GCC_WARN_UNINITIALIZED_AUTOS = YES_AGGRESSIVE;
				GCC_WARN_UNUSED_FUNCTION = YES;
				GCC_WARN_UNUSED_VARIABLE = YES;
				IPHONEOS_DEPLOYMENT_TARGET = 16.4;
				MTL_ENABLE_DEBUG_INFO = NO;
				MTL_FAST_MATH = YES;
				SDKROOT = iphoneos;
				SWIFT_COMPILATION_MODE = wholemodule;
				SWIFT_OPTIMIZATION_LEVEL = "-O";
				VALIDATE_PRODUCT = YES;
			};
			name = Release;
		};
		9BFE03A32A10AA2D00E105D5 /* Debug */ = {
			isa = XCBuildConfiguration;
			buildSettings = {
				ASSETCATALOG_COMPILER_APPICON_NAME = AppIcon;
				ASSETCATALOG_COMPILER_GLOBAL_ACCENT_COLOR_NAME = AccentColor;
				CODE_SIGN_STYLE = Automatic;
				CURRENT_PROJECT_VERSION = 1;
				DEVELOPMENT_ASSET_PATHS = "\"GongBok/Preview Content\"";
				DEVELOPMENT_TEAM = XHRN62S9RK;
				ENABLE_PREVIEWS = YES;
				GENERATE_INFOPLIST_FILE = YES;
				INFOPLIST_FILE = GongBok/Info.plist;
				INFOPLIST_KEY_UIApplicationSceneManifest_Generation = YES;
				INFOPLIST_KEY_UIApplicationSupportsIndirectInputEvents = YES;
				INFOPLIST_KEY_UILaunchScreen_Generation = YES;
				INFOPLIST_KEY_UISupportedInterfaceOrientations_iPad = "UIInterfaceOrientationPortrait UIInterfaceOrientationPortraitUpsideDown UIInterfaceOrientationLandscapeLeft UIInterfaceOrientationLandscapeRight";
				INFOPLIST_KEY_UISupportedInterfaceOrientations_iPhone = "UIInterfaceOrientationPortrait UIInterfaceOrientationLandscapeLeft UIInterfaceOrientationLandscapeRight";
				LD_RUNPATH_SEARCH_PATHS = (
					"$(inherited)",
					"@executable_path/Frameworks",
				);
				MARKETING_VERSION = 1.0;
				PRODUCT_BUNDLE_IDENTIFIER = choijunyeong.GongBok;
				PRODUCT_NAME = "$(TARGET_NAME)";
				SWIFT_EMIT_LOC_STRINGS = YES;
				SWIFT_VERSION = 5.0;
				TARGETED_DEVICE_FAMILY = "1,2";
			};
			name = Debug;
		};
		9BFE03A42A10AA2D00E105D5 /* Release */ = {
			isa = XCBuildConfiguration;
			buildSettings = {
				ASSETCATALOG_COMPILER_APPICON_NAME = AppIcon;
				ASSETCATALOG_COMPILER_GLOBAL_ACCENT_COLOR_NAME = AccentColor;
				CODE_SIGN_STYLE = Automatic;
				CURRENT_PROJECT_VERSION = 1;
				DEVELOPMENT_ASSET_PATHS = "\"GongBok/Preview Content\"";
				DEVELOPMENT_TEAM = XHRN62S9RK;
				ENABLE_PREVIEWS = YES;
				GENERATE_INFOPLIST_FILE = YES;
				INFOPLIST_FILE = GongBok/Info.plist;
				INFOPLIST_KEY_UIApplicationSceneManifest_Generation = YES;
				INFOPLIST_KEY_UIApplicationSupportsIndirectInputEvents = YES;
				INFOPLIST_KEY_UILaunchScreen_Generation = YES;
				INFOPLIST_KEY_UISupportedInterfaceOrientations_iPad = "UIInterfaceOrientationPortrait UIInterfaceOrientationPortraitUpsideDown UIInterfaceOrientationLandscapeLeft UIInterfaceOrientationLandscapeRight";
				INFOPLIST_KEY_UISupportedInterfaceOrientations_iPhone = "UIInterfaceOrientationPortrait UIInterfaceOrientationLandscapeLeft UIInterfaceOrientationLandscapeRight";
				LD_RUNPATH_SEARCH_PATHS = (
					"$(inherited)",
					"@executable_path/Frameworks",
				);
				MARKETING_VERSION = 1.0;
				PRODUCT_BUNDLE_IDENTIFIER = choijunyeong.GongBok;
				PRODUCT_NAME = "$(TARGET_NAME)";
				SWIFT_EMIT_LOC_STRINGS = YES;
				SWIFT_VERSION = 5.0;
				TARGETED_DEVICE_FAMILY = "1,2";
			};
			name = Release;
		};
/* End XCBuildConfiguration section */

/* Begin XCConfigurationList section */
		9BFE038F2A10AA2B00E105D5 /* Build configuration list for PBXProject "GongBok" */ = {
			isa = XCConfigurationList;
			buildConfigurations = (
				9BFE03A02A10AA2D00E105D5 /* Debug */,
				9BFE03A12A10AA2D00E105D5 /* Release */,
			);
			defaultConfigurationIsVisible = 0;
			defaultConfigurationName = Release;
		};
		9BFE03A22A10AA2D00E105D5 /* Build configuration list for PBXNativeTarget "GongBok" */ = {
			isa = XCConfigurationList;
			buildConfigurations = (
				9BFE03A32A10AA2D00E105D5 /* Debug */,
				9BFE03A42A10AA2D00E105D5 /* Release */,
			);
			defaultConfigurationIsVisible = 0;
			defaultConfigurationName = Release;
		};
/* End XCConfigurationList section */

/* Begin XCRemoteSwiftPackageReference section */
		9BFE03C12A10ABCA00E105D5 /* XCRemoteSwiftPackageReference "kakao-ios-sdk" */ = {
			isa = XCRemoteSwiftPackageReference;
			repositoryURL = "https://github.com/kakao/kakao-ios-sdk";
			requirement = {
				kind = upToNextMajorVersion;
				minimumVersion = 2.0.0;
			};
		};
/* End XCRemoteSwiftPackageReference section */

/* Begin XCSwiftPackageProductDependency section */
		9BFE03C22A10ABCA00E105D5 /* KakaoSDK */ = {
			isa = XCSwiftPackageProductDependency;
			package = 9BFE03C12A10ABCA00E105D5 /* XCRemoteSwiftPackageReference "kakao-ios-sdk" */;
			productName = KakaoSDK;
		};
/* End XCSwiftPackageProductDependency section */
	};
	rootObject = 9BFE038C2A10AA2B00E105D5 /* Project object */;
}
